
Microsoft Visual Studio Solution File, Format Version 12.00
# Visual Studio Version 17
VisualStudioVersion = 17.8.34511.84
MinimumVisualStudioVersion = 10.0.40219.1
Project("{FAE04EC0-301F-11D3-BF4B-00C04F79EFBC}") = "lezione60z", "lezione60z.csproj", "{2D984CEE-014B-4851-89A8-71B01BE629E2}"
EndProject
Global
	GlobalSection(SolutionConfigurationPlatforms) = preSolution
		Debug|Any CPU = Debug|Any CPU
		Release|Any CPU = Release|Any CPU
	EndGlobalSection
	GlobalSection(ProjectConfigurationPlatforms) = postSolution
		{2D984CEE-014B-4851-89A8-71B01BE629E2}.Debug|Any CPU.ActiveCfg = Debug|Any CPU
		{2D984CEE-014B-4851-89A8-71B01BE629E2}.Debug|Any CPU.Build.0 = Debug|Any CPU
		{2D984CEE-014B-4851-89A8-71B01BE629E2}.Release|Any CPU.ActiveCfg = Release|Any CPU
		{2D984CEE-014B-4851-89A8-71B01BE629E2}.Release|Any CPU.Build.0 = Release|Any CPU
	EndGlobalSection
	GlobalSection(SolutionProperties) = preSolution
		HideSolutionNode = FALSE
	EndGlobalSection
	GlobalSection(ExtensibilityGlobals) = postSolution
		SolutionGuid = {398A5F68-2D0E-4B8D-8B34-2E9079F0E5C2}
	EndGlobalSection
EndGlobal
